// !$*UTF8*$!
{
	archiveVersion = 1;
	classes = {
	};
	objectVersion = 90;
	objects = {

/* Begin PBXBuildFile section */
		65136E7E2C7A65D4004B8481 /* OrdbyggerApp.swift in Sources */ = {isa = PBXBuildFile; fileRef = 65136E7D2C7A65D4004B8481 /* OrdbyggerApp.swift */; };
		65136E802C7A65D4004B8481 /* ContentView.swift in Sources */ = {isa = PBXBuildFile; fileRef = 65136E7F2C7A65D4004B8481 /* ContentView.swift */; };
		65136E822C7A65D5004B8481 /* Assets.xcassets in Resources */ = {isa = PBXBuildFile; fileRef = 65136E812C7A65D5004B8481 /* Assets.xcassets */; };
		65136E852C7A65D5004B8481 /* Preview Assets.xcassets in Resources */ = {isa = PBXBuildFile; fileRef = 65136E842C7A65D5004B8481 /* Preview Assets.xcassets */; };
		65136E912C7A6705004B8481 /* Tile.swift in Sources */ = {isa = PBXBuildFile; fileRef = 65136E902C7A6705004B8481 /* Tile.swift */; };
		65136E932C7A680B004B8481 /* ViewModel.swift in Sources */ = {isa = PBXBuildFile; fileRef = 65136E922C7A680B004B8481 /* ViewModel.swift */; };
		65136E952C7A7392004B8481 /* Rule.swift in Sources */ = {isa = PBXBuildFile; fileRef = 65136E942C7A7392004B8481 /* Rule.swift */; };
		654C2E212DE334FE006F60DC /* ordbog.txt in Resources */ = {isa = PBXBuildFile; fileRef = 654C2E202DE334FE006F60DC /* ordbog.txt */; };
/* End PBXBuildFile section */

/* Begin PBXFileReference section */
		65136E7A2C7A65D4004B8481 /* Ordbygger.app */ = {isa = PBXFileReference; explicitFileType = wrapper.application; includeInIndex = 0; path = Ordbygger.app; sourceTree = BUILT_PRODUCTS_DIR; };
		65136E7D2C7A65D4004B8481 /* OrdbyggerApp.swift */ = {isa = PBXFileReference; lastKnownFileType = sourcecode.swift; path = OrdbyggerApp.swift; sourceTree = "<group>"; };
		65136E7F2C7A65D4004B8481 /* ContentView.swift */ = {isa = PBXFileReference; lastKnownFileType = sourcecode.swift; path = ContentView.swift; sourceTree = "<group>"; };
		65136E812C7A65D5004B8481 /* Assets.xcassets */ = {isa = PBXFileReference; lastKnownFileType = folder.assetcatalog; path = Assets.xcassets; sourceTree = "<group>"; };
		65136E842C7A65D5004B8481 /* Preview Assets.xcassets */ = {isa = PBXFileReference; lastKnownFileType = folder.assetcatalog; path = "Preview Assets.xcassets"; sourceTree = "<group>"; };
		65136E862C7A65D5004B8481 /* Ordbygger.entitlements */ = {isa = PBXFileReference; lastKnownFileType = text.plist.entitlements; path = Ordbygger.entitlements; sourceTree = "<group>"; };
		65136E902C7A6705004B8481 /* Tile.swift */ = {isa = PBXFileReference; lastKnownFileType = sourcecode.swift; path = Tile.swift; sourceTree = "<group>"; };
		65136E922C7A680B004B8481 /* ViewModel.swift */ = {isa = PBXFileReference; lastKnownFileType = sourcecode.swift; path = ViewModel.swift; sourceTree = "<group>"; };
		65136E942C7A7392004B8481 /* Rule.swift */ = {isa = PBXFileReference; lastKnownFileType = sourcecode.swift; path = Rule.swift; sourceTree = "<group>"; };
		654C2E202DE334FE006F60DC /* ordbog.txt */ = {isa = PBXFileReference; lastKnownFileType = text; path = ordbog.txt; sourceTree = "<group>"; };
/* End PBXFileReference section */

/* Begin PBXFrameworksBuildPhase section */
		65136E772C7A65D3004B8481 /* Frameworks */ = {
			isa = PBXFrameworksBuildPhase;
			files = (
			);
		};
/* End PBXFrameworksBuildPhase section */

/* Begin PBXGroup section */
		65136E712C7A65D3004B8481 = {
			isa = PBXGroup;
			children = (
				65136E7C2C7A65D4004B8481 /* Ordbygger */,
				65136E7B2C7A65D4004B8481 /* Products */,
			);
			sourceTree = "<group>";
		};
		65136E7B2C7A65D4004B8481 /* Products */ = {
			isa = PBXGroup;
			children = (
				65136E7A2C7A65D4004B8481 /* Ordbygger.app */,
			);
			name = Products;
			sourceTree = "<group>";
		};
		65136E7C2C7A65D4004B8481 /* Ordbygger */ = {
			isa = PBXGroup;
			children = (
				65136E7D2C7A65D4004B8481 /* OrdbyggerApp.swift */,
				65136E7F2C7A65D4004B8481 /* ContentView.swift */,
				65136E942C7A7392004B8481 /* Rule.swift */,
				65136E902C7A6705004B8481 /* Tile.swift */,
				65136E922C7A680B004B8481 /* ViewModel.swift */,
				654C2E202DE334FE006F60DC /* ordbog.txt */,
				65136E812C7A65D5004B8481 /* Assets.xcassets */,
				65136E862C7A65D5004B8481 /* Ordbygger.entitlements */,
				65136E832C7A65D5004B8481 /* Preview Content */,
			);
			path = Ordbygger;
			sourceTree = "<group>";
		};
		65136E832C7A65D5004B8481 /* Preview Content */ = {
			isa = PBXGroup;
			children = (
				65136E842C7A65D5004B8481 /* Preview Assets.xcassets */,
			);
			path = "Preview Content";
			sourceTree = "<group>";
		};
/* End PBXGroup section */

/* Begin PBXNativeTarget section */
		65136E792C7A65D3004B8481 /* Ordbygger */ = {
			isa = PBXNativeTarget;
			buildConfigurationList = 65136E892C7A65D5004B8481 /* Build configuration list for PBXNativeTarget "Ordbygger" */;
			buildPhases = (
				65136E762C7A65D3004B8481 /* Sources */,
				65136E772C7A65D3004B8481 /* Frameworks */,
				65136E782C7A65D3004B8481 /* Resources */,
			);
			buildRules = (
			);
			name = Ordbygger;
			productName = WordCraft;
			productReference = 65136E7A2C7A65D4004B8481 /* Ordbygger.app */;
			productType = "com.apple.product-type.application";
		};
/* End PBXNativeTarget section */

/* Begin PBXProject section */
		65136E722C7A65D3004B8481 /* Project object */ = {
			isa = PBXProject;
			attributes = {
				BuildIndependentTargetsInParallel = 1;
				LastSwiftUpdateCheck = 1540;
				LastUpgradeCheck = 1630;
				TargetAttributes = {
					65136E792C7A65D3004B8481 = {
						CreatedOnToolsVersion = 15.4;
					};
				};
			};
			buildConfigurationList = 65136E752C7A65D3004B8481 /* Build configuration list for PBXProject "Ordbygger" */;
			developmentRegion = da;
			hasScannedForEncodings = 0;
			knownRegions = (
				Base,
				da,
			);
			mainGroup = 65136E712C7A65D3004B8481;
			preferredProjectObjectVersion = 90;
			productRefGroup = 65136E7B2C7A65D4004B8481 /* Products */;
			projectDirPath = "";
			projectRoot = "";
			targets = (
				65136E792C7A65D3004B8481 /* Ordbygger */,
			);
		};
/* End PBXProject section */

/* Begin PBXResourcesBuildPhase section */
		65136E782C7A65D3004B8481 /* Resources */ = {
			isa = PBXResourcesBuildPhase;
			files = (
				65136E852C7A65D5004B8481 /* Preview Assets.xcassets in Resources */,
				654C2E212DE334FE006F60DC /* ordbog.txt in Resources */,
				65136E822C7A65D5004B8481 /* Assets.xcassets in Resources */,
			);
		};
/* End PBXResourcesBuildPhase section */

/* Begin PBXSourcesBuildPhase section */
		65136E762C7A65D3004B8481 /* Sources */ = {
			isa = PBXSourcesBuildPhase;
			files = (
				65136E912C7A6705004B8481 /* Tile.swift in Sources */,
				65136E952C7A7392004B8481 /* Rule.swift in Sources */,
				65136E802C7A65D4004B8481 /* ContentView.swift in Sources */,
				65136E932C7A680B004B8481 /* ViewModel.swift in Sources */,
				65136E7E2C7A65D4004B8481 /* OrdbyggerApp.swift in Sources */,
			);
		};
/* End PBXSourcesBuildPhase section */

/* Begin XCBuildConfiguration section */
		65136E872C7A65D5004B8481 /* Debug configuration for PBXProject "Ordbygger" */ = {
			isa = XCBuildConfiguration;
			buildSettings = {
				ALWAYS_SEARCH_USER_PATHS = NO;
				ASSETCATALOG_COMPILER_GENERATE_SWIFT_ASSET_SYMBOL_EXTENSIONS = YES;
				CLANG_ANALYZER_NONNULL = YES;
				CLANG_ANALYZER_NUMBER_OBJECT_CONVERSION = YES_AGGRESSIVE;
				CLANG_CXX_LANGUAGE_STANDARD = "gnu++20";
				CLANG_ENABLE_MODULES = YES;
				CLANG_ENABLE_OBJC_ARC = YES;
				CLANG_ENABLE_OBJC_WEAK = YES;
				CLANG_WARN_BLOCK_CAPTURE_AUTORELEASING = YES;
				CLANG_WARN_BOOL_CONVERSION = YES;
				CLANG_WARN_COMMA = YES;
				CLANG_WARN_CONSTANT_CONVERSION = YES;
				CLANG_WARN_DEPRECATED_OBJC_IMPLEMENTATIONS = YES;
				CLANG_WARN_DIRECT_OBJC_ISA_USAGE = YES_ERROR;
				CLANG_WARN_DOCUMENTATION_COMMENTS = YES;
				CLANG_WARN_EMPTY_BODY = YES;
				CLANG_WARN_ENUM_CONVERSION = YES;
				CLANG_WARN_INFINITE_RECURSION = YES;
				CLANG_WARN_INT_CONVERSION = YES;
				CLANG_WARN_NON_LITERAL_NULL_CONVERSION = YES;
				CLANG_WARN_OBJC_IMPLICIT_RETAIN_SELF = YES;
				CLANG_WARN_OBJC_LITERAL_CONVERSION = YES;
				CLANG_WARN_OBJC_ROOT_CLASS = YES_ERROR;
				CLANG_WARN_QUOTED_INCLUDE_IN_FRAMEWORK_HEADER = YES;
				CLANG_WARN_RANGE_LOOP_ANALYSIS = YES;
				CLANG_WARN_STRICT_PROTOTYPES = YES;
				CLANG_WARN_SUSPICIOUS_MOVE = YES;
				CLANG_WARN_UNGUARDED_AVAILABILITY = YES_AGGRESSIVE;
				CLANG_WARN_UNREACHABLE_CODE = YES;
				CLANG_WARN__DUPLICATE_METHOD_MATCH = YES;
				COPY_PHASE_STRIP = NO;
				DEAD_CODE_STRIPPING = YES;
				DEBUG_INFORMATION_FORMAT = dwarf;
				DEVELOPMENT_TEAM = 24BYRJUEGD;
				ENABLE_STRICT_OBJC_MSGSEND = YES;
				ENABLE_TESTABILITY = YES;
				ENABLE_USER_SCRIPT_SANDBOXING = YES;
				GCC_C_LANGUAGE_STANDARD = gnu17;
				GCC_DYNAMIC_NO_PIC = NO;
				GCC_NO_COMMON_BLOCKS = YES;
				GCC_OPTIMIZATION_LEVEL = 0;
				GCC_PREPROCESSOR_DEFINITIONS = (
					"DEBUG=1",
					"$(inherited)",
				);
				GCC_WARN_64_TO_32_BIT_CONVERSION = YES;
				GCC_WARN_ABOUT_RETURN_TYPE = YES_ERROR;
				GCC_WARN_UNDECLARED_SELECTOR = YES;
				GCC_WARN_UNINITIALIZED_AUTOS = YES_AGGRESSIVE;
				GCC_WARN_UNUSED_FUNCTION = YES;
				GCC_WARN_UNUSED_VARIABLE = YES;
				LOCALIZATION_PREFERS_STRING_CATALOGS = YES;
				MACOSX_DEPLOYMENT_TARGET = 14.5;
				MTL_ENABLE_DEBUG_INFO = INCLUDE_SOURCE;
				MTL_FAST_MATH = YES;
				ONLY_ACTIVE_ARCH = YES;
				SDKROOT = macosx;
				SWIFT_ACTIVE_COMPILATION_CONDITIONS = "DEBUG $(inherited)";
				SWIFT_OPTIMIZATION_LEVEL = "-Onone";
			};
			name = Debug;
		};
		65136E882C7A65D5004B8481 /* Release configuration for PBXProject "Ordbygger" */ = {
			isa = XCBuildConfiguration;
			buildSettings = {
				ALWAYS_SEARCH_USER_PATHS = NO;
				ASSETCATALOG_COMPILER_GENERATE_SWIFT_ASSET_SYMBOL_EXTENSIONS = YES;
				CLANG_ANALYZER_NONNULL = YES;
				CLANG_ANALYZER_NUMBER_OBJECT_CONVERSION = YES_AGGRESSIVE;
				CLANG_CXX_LANGUAGE_STANDARD = "gnu++20";
				CLANG_ENABLE_MODULES = YES;
				CLANG_ENABLE_OBJC_ARC = YES;
				CLANG_ENABLE_OBJC_WEAK = YES;
				CLANG_WARN_BLOCK_CAPTURE_AUTORELEASING = YES;
				CLANG_WARN_BOOL_CONVERSION = YES;
				CLANG_WARN_COMMA = YES;
				CLANG_WARN_CONSTANT_CONVERSION = YES;
				CLANG_WARN_DEPRECATED_OBJC_IMPLEMENTATIONS = YES;
				CLANG_WARN_DIRECT_OBJC_ISA_USAGE = YES_ERROR;
				CLANG_WARN_DOCUMENTATION_COMMENTS = YES;
				CLANG_WARN_EMPTY_BODY = YES;
				CLANG_WARN_ENUM_CONVERSION = YES;
				CLANG_WARN_INFINITE_RECURSION = YES;
				CLANG_WARN_INT_CONVERSION = YES;
				CLANG_WARN_NON_LITERAL_NULL_CONVERSION = YES;
				CLANG_WARN_OBJC_IMPLICIT_RETAIN_SELF = YES;
				CLANG_WARN_OBJC_LITERAL_CONVERSION = YES;
				CLANG_WARN_OBJC_ROOT_CLASS = YES_ERROR;
				CLANG_WARN_QUOTED_INCLUDE_IN_FRAMEWORK_HEADER = YES;
				CLANG_WARN_RANGE_LOOP_ANALYSIS = YES;
				CLANG_WARN_STRICT_PROTOTYPES = YES;
				CLANG_WARN_SUSPICIOUS_MOVE = YES;
				CLANG_WARN_UNGUARDED_AVAILABILITY = YES_AGGRESSIVE;
				CLANG_WARN_UNREACHABLE_CODE = YES;
				CLANG_WARN__DUPLICATE_METHOD_MATCH = YES;
				COPY_PHASE_STRIP = NO;
				DEAD_CODE_STRIPPING = YES;
				DEBUG_INFORMATION_FORMAT = "dwarf-with-dsym";
				DEVELOPMENT_TEAM = 24BYRJUEGD;
				ENABLE_NS_ASSERTIONS = NO;
				ENABLE_STRICT_OBJC_MSGSEND = YES;
				ENABLE_USER_SCRIPT_SANDBOXING = YES;
				GCC_C_LANGUAGE_STANDARD = gnu17;
				GCC_NO_COMMON_BLOCKS = YES;
				GCC_WARN_64_TO_32_BIT_CONVERSION = YES;
				GCC_WARN_ABOUT_RETURN_TYPE = YES_ERROR;
				GCC_WARN_UNDECLARED_SELECTOR = YES;
				GCC_WARN_UNINITIALIZED_AUTOS = YES_AGGRESSIVE;
				GCC_WARN_UNUSED_FUNCTION = YES;
				GCC_WARN_UNUSED_VARIABLE = YES;
				LOCALIZATION_PREFERS_STRING_CATALOGS = YES;
				MACOSX_DEPLOYMENT_TARGET = 14.5;
				MTL_ENABLE_DEBUG_INFO = NO;
				MTL_FAST_MATH = YES;
				SDKROOT = macosx;
				SWIFT_COMPILATION_MODE = wholemodule;
			};
			name = Release;
		};
		65136E8A2C7A65D5004B8481 /* Debug configuration for PBXNativeTarget "Ordbygger" */ = {
			isa = XCBuildConfiguration;
			buildSettings = {
				ASSETCATALOG_COMPILER_APPICON_NAME = AppIcon;
				ASSETCATALOG_COMPILER_GLOBAL_ACCENT_COLOR_NAME = AccentColor;
				CODE_SIGN_ENTITLEMENTS = Ordbygger/Ordbygger.entitlements;
				CODE_SIGN_STYLE = Automatic;
				COMBINE_HIDPI_IMAGES = YES;
				CURRENT_PROJECT_VERSION = 1;
				DEAD_CODE_STRIPPING = YES;
				DEVELOPMENT_ASSET_PATHS = "\"Ordbygger/Preview Content\"";
				ENABLE_HARDENED_RUNTIME = YES;
				ENABLE_PREVIEWS = YES;
				GENERATE_INFOPLIST_FILE = YES;
				INFOPLIST_KEY_CFBundleDisplayName = Ordbygger;
				INFOPLIST_KEY_LSApplicationCategoryType = "public.app-category.word-games";
				INFOPLIST_KEY_NSHumanReadableCopyright = "";
				LD_RUNPATH_SEARCH_PATHS = (
					"$(inherited)",
					"@executable_path/../Frameworks",
				);
				MARKETING_VERSION = 1.0;
				PRODUCT_BUNDLE_IDENTIFIER = net.aplacebetweenhere.Ordbygger;
				PRODUCT_NAME = "$(TARGET_NAME)";
				REGISTER_APP_GROUPS = YES;
				SUPPORTED_PLATFORMS = "iphoneos iphonesimulator macosx";
				SUPPORTS_MACCATALYST = NO;
				SUPPORTS_MAC_DESIGNED_FOR_IPHONE_IPAD = NO;
				SWIFT_EMIT_LOC_STRINGS = YES;
				SWIFT_VERSION = 5.0;
				TARGETED_DEVICE_FAMILY = 1;
			};
			name = Debug;
		};
		65136E8B2C7A65D5004B8481 /* Release configuration for PBXNativeTarget "Ordbygger" */ = {
			isa = XCBuildConfiguration;
			buildSettings = {
				ASSETCATALOG_COMPILER_APPICON_NAME = AppIcon;
				ASSETCATALOG_COMPILER_GLOBAL_ACCENT_COLOR_NAME = AccentColor;
				CODE_SIGN_ENTITLEMENTS = Ordbygger/Ordbygger.entitlements;
				CODE_SIGN_STYLE = Automatic;
				COMBINE_HIDPI_IMAGES = YES;
				CURRENT_PROJECT_VERSION = 1;
				DEAD_CODE_STRIPPING = YES;
				DEVELOPMENT_ASSET_PATHS = "\"Ordbygger/Preview Content\"";
				ENABLE_HARDENED_RUNTIME = YES;
				ENABLE_PREVIEWS = YES;
				GENERATE_INFOPLIST_FILE = YES;
				INFOPLIST_KEY_CFBundleDisplayName = Ordbygger;
				INFOPLIST_KEY_LSApplicationCategoryType = "public.app-category.word-games";
				INFOPLIST_KEY_NSHumanReadableCopyright = "";
				LD_RUNPATH_SEARCH_PATHS = (
					"$(inherited)",
					"@executable_path/../Frameworks",
				);
				MARKETING_VERSION = 1.0;
				PRODUCT_BUNDLE_IDENTIFIER = net.aplacebetweenhere.Ordbygger;
				PRODUCT_NAME = "$(TARGET_NAME)";
				REGISTER_APP_GROUPS = YES;
				SUPPORTED_PLATFORMS = "iphoneos iphonesimulator macosx";
				SUPPORTS_MACCATALYST = NO;
				SUPPORTS_MAC_DESIGNED_FOR_IPHONE_IPAD = NO;
				SWIFT_EMIT_LOC_STRINGS = YES;
				SWIFT_VERSION = 5.0;
				TARGETED_DEVICE_FAMILY = 1;
			};
			name = Release;
		};
/* End XCBuildConfiguration section */

/* Begin XCConfigurationList section */
		65136E752C7A65D3004B8481 /* Build configuration list for PBXProject "Ordbygger" */ = {
			isa = XCConfigurationList;
			buildConfigurations = (
				65136E872C7A65D5004B8481 /* Debug configuration for PBXProject "Ordbygger" */,
				65136E882C7A65D5004B8481 /* Release configuration for PBXProject "Ordbygger" */,
			);
			defaultConfigurationName = Release;
		};
		65136E892C7A65D5004B8481 /* Build configuration list for PBXNativeTarget "Ordbygger" */ = {
			isa = XCConfigurationList;
			buildConfigurations = (
				65136E8A2C7A65D5004B8481 /* Debug configuration for PBXNativeTarget "Ordbygger" */,
				65136E8B2C7A65D5004B8481 /* Release configuration for PBXNativeTarget "Ordbygger" */,
			);
			defaultConfigurationName = Release;
		};
/* End XCConfigurationList section */
	};
	rootObject = 65136E722C7A65D3004B8481 /* Project object */;
}
